# OpenReviewer Python 3.12 dependency constraints.
#
# Generated from ``python -m pip install --dry-run --ignore-installed
# --report ... '.[dev]'`` on 2026-08-28. Regenerate the complete closure whenever
# pyproject.toml changes; CI and the runtime image both consume this file.

alembic==1.19.1
annotated-doc==0.0.5
annotated-types==0.8.0
anyio==4.14.2
argon2-cffi==25.1.0
argon2-cffi-bindings==26.1.0
boolean.py==5.0
cachecontrol==0.14.4
certifi==2026.7.22
cffi==2.1.1
charset-normalizer==3.5.1
click==8.5.0
colorama==0.4.6
coverage==7.15.4
cryptography==50.0.1
cyclonedx-python-lib==11.12.0
defusedxml==0.7.1
fastapi==0.141.1
filelock==3.32.4
greenlet==3.5.5
h11==0.16.0
httpcore==1.0.9
httpx==0.28.1
idna==3.19
iniconfig==2.3.0
librt==0.15.0
license-expression==30.4.4
mako==1.4.1
markdown-it-py==4.2.0
markupsafe==3.0.3
mdurl==0.1.2
msgpack==1.2.2
mypy==1.20.2
mypy-extensions==1.1.0
packageurl-python==0.17.6
packaging==26.3
pathspec==1.1.1
pip==26.2.1
pip-api==0.0.34
pip-audit==2.10.1
pip-requirements-parser==32.0.1
platformdirs==4.11.5
pgvector==0.5.0
pluggy==1.6.0
psycopg==3.3.4
psycopg-binary==3.3.4
py-serializable==2.1.0
pycparser==3.0
pydantic==2.13.4
pydantic-core==2.46.4
pygments==2.21.0
pyjwt==2.13.0
pyparsing==3.3.2
pytest==9.1.1
pytest-cov==7.1.0
requests==2.34.2
rich==15.0.0
ruff==0.16.5
setuptools==84.0.0
sortedcontainers==2.4.0
sqlalchemy==2.0.52
starlette==1.6.0
tomli==2.4.1
tomli-w==1.2.0
typing-extensions==4.16.0
typing-inspection==0.4.4
tree-sitter==0.25.2
tree-sitter-java==0.23.5
tzdata==2026.3
unidiff==0.7.5
urllib3==2.7.0
uvicorn==0.52.4
